<?xml version="1.0" encoding="utf-8"?>
<Project ToolsVersion="4.0" xmlns="http://schemas.microsoft.com/developer/msbuild/2003">
  <ItemGroup>
    <Filter Include="Header Files">
      <UniqueIdentifier>{93995380-89BD-4b04-88EB-625FBE52EBFB}</UniqueIdentifier>
      <Extensions>h;hh;hpp;hxx;hm;inl;inc;ipp;xsd</Extensions>
    </Filter>
    <Filter Include="Assets">
      <UniqueIdentifier>{e21e4de0-8a9a-45d0-8f50-251722efa49b}</UniqueIdentifier>
    </Filter>
    <Filter Include="Scripts">
      <UniqueIdentifier>{36426e21-5174-40fa-9a31-c2aa49beadce}</UniqueIdentifier>
    </Filter>
  </ItemGroup>
  <ItemGroup>
    <ClInclude Include="..\Actor.h">
      <Filter>Header Files</Filter>
    </ClInclude>
    <ClInclude Include="..\Eindopdracht GDEV++.h">
      <Filter>Header Files</Filter>
    </ClInclude>
    <ClInclude Include="..\PhysicsObject.h">
      <Filter>Header Files</Filter>
    </ClInclude>
    <ClInclude Include="..\Vector2.h">
      <Filter>Header Files</Filter>
    </ClInclude>
  </ItemGroup>
  <ItemGroup>
    <Font Include="..\arial.ttf">
      <Filter>Assets</Filter>
    </Font>
  </ItemGroup>
  <ItemGroup>
    <Image Include="..\mochi.png">
      <Filter>Assets</Filter>
    </Image>
    <Image Include="..\nico.png">
      <Filter>Assets</Filter>
    </Image>
  </ItemGroup>
  <ItemGroup>
    <Media Include="..\sound.wav">
      <Filter>Assets</Filter>
    </Media>
  </ItemGroup>
  <ItemGroup>
    <ClCompile Include="..\Actor.cpp">
      <Filter>Scripts</Filter>
    </ClCompile>
    <ClCompile Include="..\Eindopdracht GDEV++.cpp">
      <Filter>Scripts</Filter>
    </ClCompile>
    <ClCompile Include="..\PhysicsObject.cpp">
      <Filter>Scripts</Filter>
    </ClCompile>
    <ClCompile Include="..\Vector2.cpp">
      <Filter>Scripts</Filter>
    </ClCompile>
  </ItemGroup>
</Project>